
Microsoft Visual Studio Solution File, Format Version 12.00
Project("{FAE04EC0-301F-11D3-BF4B-00C04F79EFBC}") = "SaberQuest", "SaberQuest\SaberQuest.csproj", "{21C376A8-B1CD-4CA4-A54D-EBAB802859DF}"
EndProject
Global
	GlobalSection(SolutionConfigurationPlatforms) = preSolution
		Debug|Any CPU = Debug|Any CPU
		Release|Any CPU = Release|Any CPU
	EndGlobalSection
	GlobalSection(ProjectConfigurationPlatforms) = postSolution
		{21C376A8-B1CD-4CA4-A54D-EBAB802859DF}.Debug|Any CPU.ActiveCfg = Debug|Any CPU
		{21C376A8-B1CD-4CA4-A54D-EBAB802859DF}.Debug|Any CPU.Build.0 = Debug|Any CPU
		{21C376A8-B1CD-4CA4-A54D-EBAB802859DF}.Release|Any CPU.ActiveCfg = Release|Any CPU
		{21C376A8-B1CD-4CA4-A54D-EBAB802859DF}.Release|Any CPU.Build.0 = Release|Any CPU
	EndGlobalSection
EndGlobal
